
Microsoft Visual Studio Solution File, Format Version 12.00
# Visual Studio 15
VisualStudioVersion = 15.0.28307.168
MinimumVisualStudioVersion = 10.0.40219.1
Project("{FAE04EC0-301F-11D3-BF4B-00C04F79EFBC}") = "Fletcherbuilding", "Fletcherbuilding\Fletcherbuilding.csproj", "{7CB973B4-46AB-4253-B93D-CDB3BCB151E5}"
EndProject
Global
	GlobalSection(SolutionConfigurationPlatforms) = preSolution
		Debug|Any CPU = Debug|Any CPU
		Release|Any CPU = Release|Any CPU
	EndGlobalSection
	GlobalSection(ProjectConfigurationPlatforms) = postSolution
		{7CB973B4-46AB-4253-B93D-CDB3BCB151E5}.Debug|Any CPU.ActiveCfg = Debug|Any CPU
		{7CB973B4-46AB-4253-B93D-CDB3BCB151E5}.Debug|Any CPU.Build.0 = Debug|Any CPU
		{7CB973B4-46AB-4253-B93D-CDB3BCB151E5}.Release|Any CPU.ActiveCfg = Release|Any CPU
		{7CB973B4-46AB-4253-B93D-CDB3BCB151E5}.Release|Any CPU.Build.0 = Release|Any CPU
	EndGlobalSection
	GlobalSection(SolutionProperties) = preSolution
		HideSolutionNode = FALSE
	EndGlobalSection
	GlobalSection(ExtensibilityGlobals) = postSolution
		SolutionGuid = {23475F9E-1C71-4BD5-AECE-68E1432788D9}
	EndGlobalSection
EndGlobal
